
Microsoft Visual Studio Solution File, Format Version 12.00
Project("{FAE04EC0-301F-11D3-BF4B-00C04F79EFBC}") = "Lab10", "Lab10\Lab10.csproj", "{90E63A95-D3C9-4806-BEAD-7B17CDA24B52}"
EndProject
Global
	GlobalSection(SolutionConfigurationPlatforms) = preSolution
		Debug|Any CPU = Debug|Any CPU
		Release|Any CPU = Release|Any CPU
	EndGlobalSection
	GlobalSection(ProjectConfigurationPlatforms) = postSolution
		{90E63A95-D3C9-4806-BEAD-7B17CDA24B52}.Debug|Any CPU.ActiveCfg = Debug|Any CPU
		{90E63A95-D3C9-4806-BEAD-7B17CDA24B52}.Debug|Any CPU.Build.0 = Debug|Any CPU
		{90E63A95-D3C9-4806-BEAD-7B17CDA24B52}.Release|Any CPU.ActiveCfg = Release|Any CPU
		{90E63A95-D3C9-4806-BEAD-7B17CDA24B52}.Release|Any CPU.Build.0 = Release|Any CPU
	EndGlobalSection
EndGlobal
